# @generated - this file is auto-generated by `mise lock` https://mise.jdx.dev/dev-tools/mise-lock.html

[[tools.node]]
version = "24.15.0"
backend = "core:node"

[tools.node."platforms.linux-arm64"]
checksum = "sha256:73afc234d558c24919875f51c2d1ea002a2ada4ea6f83601a383869fefa64eed"
url = "https://nodejs.org/dist/v24.15.0/node-v24.15.0-linux-arm64.tar.gz"

[tools.node."platforms.linux-arm64-musl"]
checksum = "sha256:31e98aa960a067da91edffd5d93bc46657b5d2a8029612c359f5f2ac0060152a"
url = "https://unofficial-builds.nodejs.org/download/release/v24.15.0/node-v24.15.0-linux-arm64-musl.tar.gz"

[tools.node."platforms.linux-x64"]
checksum = "sha256:44836872d9aec49f1e6b52a9a922872db9a2b02d235a616a5681b6a85fec8d89"
url = "https://nodejs.org/dist/v24.15.0/node-v24.15.0-linux-x64.tar.gz"

[tools.node."platforms.linux-x64-musl"]
checksum = "sha256:f55af5bd489c5347b113ca6594cae00a54b30ba57ac5875324311bfc6f4762e3"
url = "https://unofficial-builds.nodejs.org/download/release/v24.15.0/node-v24.15.0-linux-x64-musl.tar.gz"

[tools.node."platforms.macos-arm64"]
checksum = "sha256:372331b969779ab5d15b949884fc6eaf88d5afe87bde8ba881d6400b9100ffc4"
url = "https://nodejs.org/dist/v24.15.0/node-v24.15.0-darwin-arm64.tar.gz"

[tools.node."platforms.macos-x64"]
checksum = "sha256:ffd5ee293467927f3ee731a553eb88fd1f48cf74eebc2d74a6babe4af228673b"
url = "https://nodejs.org/dist/v24.15.0/node-v24.15.0-darwin-x64.tar.gz"

[tools.node."platforms.windows-arm64"]
checksum = "sha256:c9eb7402eda26e2ba7e44b6727fc85a8de56c5095b1f71ebd3062892211aa116"
url = "https://nodejs.org/dist/v24.15.0/node-v24.15.0-win-arm64.zip"

[tools.node."platforms.windows-x64"]
checksum = "sha256:cc5149eabd53779ce1e7bdc5401643622d0c7e6800ade18928a767e940bb0e62"
url = "https://nodejs.org/dist/v24.15.0/node-v24.15.0-win-x64.zip"

[[tools.yq]]
version = "4.54.1"
backend = "aqua:mikefarah/yq"

[tools.yq."platforms.linux-arm64"]
checksum = "sha256:189088da0c6429ec5178dfaab1a114805f6cab0b61b165ab236efedf1d57a71b"
url = "https://github.com/mikefarah/yq/releases/download/v4.54.1/yq_linux_arm64"
url_api = "https://api.github.com/repos/mikefarah/yq/releases/assets/597222603"
provenance = "cosign"

[tools.yq."platforms.linux-arm64-musl"]
checksum = "sha256:189088da0c6429ec5178dfaab1a114805f6cab0b61b165ab236efedf1d57a71b"
url = "https://github.com/mikefarah/yq/releases/download/v4.54.1/yq_linux_arm64"
url_api = "https://api.github.com/repos/mikefarah/yq/releases/assets/597222603"
provenance = "cosign"

[tools.yq."platforms.linux-x64"]
checksum = "sha256:8e34fc298390875de416e6a4afcb8cabeceb25d9aa8506c1a2f9353cf702ea5f"
url = "https://github.com/mikefarah/yq/releases/download/v4.54.1/yq_linux_amd64"
url_api = "https://api.github.com/repos/mikefarah/yq/releases/assets/597222595"
provenance = "cosign"

[tools.yq."platforms.linux-x64-musl"]
checksum = "sha256:8e34fc298390875de416e6a4afcb8cabeceb25d9aa8506c1a2f9353cf702ea5f"
url = "https://github.com/mikefarah/yq/releases/download/v4.54.1/yq_linux_amd64"
url_api = "https://api.github.com/repos/mikefarah/yq/releases/assets/597222595"
provenance = "cosign"

[tools.yq."platforms.macos-arm64"]
checksum = "sha256:fee511a181bd8b3e6b7da98842b41973bfac8cd3bcd341ed29a584620b5b2844"
url = "https://github.com/mikefarah/yq/releases/download/v4.54.1/yq_darwin_arm64"
url_api = "https://api.github.com/repos/mikefarah/yq/releases/assets/597222609"
provenance = "cosign"

[tools.yq."platforms.macos-x64"]
checksum = "sha256:3a812fce205a4d67014fb71b7fa297092210e580df3d8f52dddc2cf3a599c22b"
url = "https://github.com/mikefarah/yq/releases/download/v4.54.1/yq_darwin_amd64"
url_api = "https://api.github.com/repos/mikefarah/yq/releases/assets/597222619"
provenance = "cosign"

[tools.yq."platforms.windows-arm64"]
checksum = "sha256:c46a295a98c31173e72220da7c35f86fbcc1c2cd2da5188105f326b32585e984"
url = "https://github.com/mikefarah/yq/releases/download/v4.54.1/yq_windows_arm64.exe"
url_api = "https://api.github.com/repos/mikefarah/yq/releases/assets/597222577"
provenance = "cosign"

[tools.yq."platforms.windows-x64"]
checksum = "sha256:b645f47ebb3a0d2fbab52998550bbd0a1706f23b5ca5f5b48e638c580bb70928"
url = "https://github.com/mikefarah/yq/releases/download/v4.54.1/yq_windows_amd64.exe"
url_api = "https://api.github.com/repos/mikefarah/yq/releases/assets/597222575"
provenance = "cosign"
